
Microsoft Visual Studio Solution File, Format Version 12.00
# Visual Studio 15
VisualStudioVersion = 15.0.27004.2009
MinimumVisualStudioVersion = 10.0.40219.1
Project("{FAE04EC0-301F-11D3-BF4B-00C04F79EFBC}") = "TheCirculatorApp1", "WindowsFormsApp1\TheCirculatorApp1.csproj", "{99752CF3-0CD2-4061-8E0A-3B6061D12386}"
EndProject
Global
	GlobalSection(SolutionConfigurationPlatforms) = preSolution
		Debug|Any CPU = Debug|Any CPU
		Release|Any CPU = Release|Any CPU
	EndGlobalSection
	GlobalSection(ProjectConfigurationPlatforms) = postSolution
		{99752CF3-0CD2-4061-8E0A-3B6061D12386}.Debug|Any CPU.ActiveCfg = Debug|Any CPU
		{99752CF3-0CD2-4061-8E0A-3B6061D12386}.Debug|Any CPU.Build.0 = Debug|Any CPU
		{99752CF3-0CD2-4061-8E0A-3B6061D12386}.Release|Any CPU.ActiveCfg = Release|Any CPU
		{99752CF3-0CD2-4061-8E0A-3B6061D12386}.Release|Any CPU.Build.0 = Release|Any CPU
	EndGlobalSection
	GlobalSection(SolutionProperties) = preSolution
		HideSolutionNode = FALSE
	EndGlobalSection
	GlobalSection(ExtensibilityGlobals) = postSolution
		SolutionGuid = {2303C2E6-9294-477D-B622-1F422A82CCF5}
	EndGlobalSection
EndGlobal
